
Microsoft Visual Studio Solution File, Format Version 12.00
# Visual Studio Version 17
VisualStudioVersion = 17.5.002.0
MinimumVisualStudioVersion = 10.0.40219.1
Project("{9A19103F-16F7-4668-BE54-9A1E7A4F7556}") = "backend", "backend\backend.csproj", "{E3AE4F55-655F-4504-A2E1-819247DD0A1B}"
EndProject
Global
	GlobalSection(SolutionConfigurationPlatforms) = preSolution
		Debug|Any CPU = Debug|Any CPU
		Release|Any CPU = Release|Any CPU
	EndGlobalSection
	GlobalSection(ProjectConfigurationPlatforms) = postSolution
		{E3AE4F55-655F-4504-A2E1-819247DD0A1B}.Debug|Any CPU.ActiveCfg = Debug|Any CPU
		{E3AE4F55-655F-4504-A2E1-819247DD0A1B}.Debug|Any CPU.Build.0 = Debug|Any CPU
		{E3AE4F55-655F-4504-A2E1-819247DD0A1B}.Release|Any CPU.ActiveCfg = Release|Any CPU
		{E3AE4F55-655F-4504-A2E1-819247DD0A1B}.Release|Any CPU.Build.0 = Release|Any CPU
	EndGlobalSection
	GlobalSection(SolutionProperties) = preSolution
		HideSolutionNode = FALSE
	EndGlobalSection
	GlobalSection(ExtensibilityGlobals) = postSolution
		SolutionGuid = {B5418702-2AF4-4EED-80A9-6499E77DA3CE}
	EndGlobalSection
EndGlobal
